
Microsoft Visual Studio Solution File, Format Version 12.00
# Visual Studio Version 16
VisualStudioVersion = 16.0.28803.202
MinimumVisualStudioVersion = 10.0.40219.1
Project("{FAE04EC0-301F-11D3-BF4B-00C04F79EFBC}") = "GasWaterWell", "GasWaterWell\GasWaterWell.csproj", "{A77D9E83-7988-4897-AFA1-DC4AF8847890}"
EndProject
Global
	GlobalSection(SolutionConfigurationPlatforms) = preSolution
		Debug|Any CPU = Debug|Any CPU
		Release|Any CPU = Release|Any CPU
	EndGlobalSection
	GlobalSection(ProjectConfigurationPlatforms) = postSolution
		{A77D9E83-7988-4897-AFA1-DC4AF8847890}.Debug|Any CPU.ActiveCfg = Debug|Any CPU
		{A77D9E83-7988-4897-AFA1-DC4AF8847890}.Debug|Any CPU.Build.0 = Debug|Any CPU
		{A77D9E83-7988-4897-AFA1-DC4AF8847890}.Release|Any CPU.ActiveCfg = Release|Any CPU
		{A77D9E83-7988-4897-AFA1-DC4AF8847890}.Release|Any CPU.Build.0 = Release|Any CPU
	EndGlobalSection
	GlobalSection(SolutionProperties) = preSolution
		HideSolutionNode = FALSE
	EndGlobalSection
	GlobalSection(ExtensibilityGlobals) = postSolution
		SolutionGuid = {446BED9C-03DC-4FEC-83B6-E10FC28C35B2}
	EndGlobalSection
EndGlobal
